
Microsoft Visual Studio Solution File, Format Version 12.00
# Visual Studio Version 17
VisualStudioVersion = 17.14.36804.6 d17.14
MinimumVisualStudioVersion = 10.0.40219.1
Project("{FAE04EC0-301F-11D3-BF4B-00C04F79EFBC}") = "SecurePass", "SecurePass\SecurePass.csproj", "{62FF543A-4000-4E22-A3A6-0992E99C204A}"
EndProject
Global
	GlobalSection(SolutionConfigurationPlatforms) = preSolution
		Debug|Any CPU = Debug|Any CPU
		Release|Any CPU = Release|Any CPU
	EndGlobalSection
	GlobalSection(ProjectConfigurationPlatforms) = postSolution
		{62FF543A-4000-4E22-A3A6-0992E99C204A}.Debug|Any CPU.ActiveCfg = Debug|Any CPU
		{62FF543A-4000-4E22-A3A6-0992E99C204A}.Debug|Any CPU.Build.0 = Debug|Any CPU
		{62FF543A-4000-4E22-A3A6-0992E99C204A}.Release|Any CPU.ActiveCfg = Release|Any CPU
		{62FF543A-4000-4E22-A3A6-0992E99C204A}.Release|Any CPU.Build.0 = Release|Any CPU
	EndGlobalSection
	GlobalSection(SolutionProperties) = preSolution
		HideSolutionNode = FALSE
	EndGlobalSection
	GlobalSection(ExtensibilityGlobals) = postSolution
		SolutionGuid = {D9593801-4760-4D6C-A51A-4E066014BF79}
	EndGlobalSection
EndGlobal
